// !$*UTF8*$!
{
	archiveVersion = 1;
	classes = {
	};
	objectVersion = 46;
	objects = {

/* Begin PBXBuildFile section */
		FC3EE5CD1DBA40F400FC97C3 /* AppDelegate.swift in Sources */ = {isa = PBXBuildFile; fileRef = FC3EE5CC1DBA40F400FC97C3 /* AppDelegate.swift */; };
		FC3EE5CF1DBA40F400FC97C3 /* RecordViewController.swift in Sources */ = {isa = PBXBuildFile; fileRef = FC3EE5CE1DBA40F400FC97C3 /* RecordViewController.swift */; };
		FC3EE5D21DBA40F400FC97C3 /* Main.storyboard in Resources */ = {isa = PBXBuildFile; fileRef = FC3EE5D01DBA40F400FC97C3 /* Main.storyboard */; };
		FC3EE5D41DBA40F400FC97C3 /* Assets.xcassets in Resources */ = {isa = PBXBuildFile; fileRef = FC3EE5D31DBA40F400FC97C3 /* Assets.xcassets */; };
		FC3EE5D71DBA40F400FC97C3 /* LaunchScreen.storyboard in Resources */ = {isa = PBXBuildFile; fileRef = FC3EE5D51DBA40F400FC97C3 /* LaunchScreen.storyboard */; };
		FC3EE5E21DBA40F400FC97C3 /* AudioMagicTests.swift in Sources */ = {isa = PBXBuildFile; fileRef = FC3EE5E11DBA40F400FC97C3 /* AudioMagicTests.swift */; };
		FC3EE5ED1DBA40F400FC97C3 /* AudioMagicUITests.swift in Sources */ = {isa = PBXBuildFile; fileRef = FC3EE5EC1DBA40F400FC97C3 /* AudioMagicUITests.swift */; };
/* End PBXBuildFile section */

/* Begin PBXContainerItemProxy section */
		FC3EE5DE1DBA40F400FC97C3 /* PBXContainerItemProxy */ = {
			isa = PBXContainerItemProxy;
			containerPortal = FC3EE5C11DBA40F400FC97C3 /* Project object */;
			proxyType = 1;
			remoteGlobalIDString = FC3EE5C81DBA40F400FC97C3;
			remoteInfo = AudioMagic;
		};
		FC3EE5E91DBA40F400FC97C3 /* PBXContainerItemProxy */ = {
			isa = PBXContainerItemProxy;
			containerPortal = FC3EE5C11DBA40F400FC97C3 /* Project object */;
			proxyType = 1;
			remoteGlobalIDString = FC3EE5C81DBA40F400FC97C3;
			remoteInfo = AudioMagic;
		};
/* End PBXContainerItemProxy section */

/* Begin PBXFileReference section */
		FC3EE5C91DBA40F400FC97C3 /* AudioMagic.app */ = {isa = PBXFileReference; explicitFileType = wrapper.application; includeInIndex = 0; path = AudioMagic.app; sourceTree = BUILT_PRODUCTS_DIR; };
		FC3EE5CC1DBA40F400FC97C3 /* AppDelegate.swift */ = {isa = PBXFileReference; lastKnownFileType = sourcecode.swift; path = AppDelegate.swift; sourceTree = "<group>"; };
		FC3EE5CE1DBA40F400FC97C3 /* RecordViewController.swift */ = {isa = PBXFileReference; lastKnownFileType = sourcecode.swift; path = RecordViewController.swift; sourceTree = "<group>"; };
		FC3EE5D11DBA40F400FC97C3 /* Base */ = {isa = PBXFileReference; lastKnownFileType = file.storyboard; name = Base; path = Base.lproj/Main.storyboard; sourceTree = "<group>"; };
		FC3EE5D31DBA40F400FC97C3 /* Assets.xcassets */ = {isa = PBXFileReference; lastKnownFileType = folder.assetcatalog; path = Assets.xcassets; sourceTree = "<group>"; };
		FC3EE5D61DBA40F400FC97C3 /* Base */ = {isa = PBXFileReference; lastKnownFileType = file.storyboard; name = Base; path = Base.lproj/LaunchScreen.storyboard; sourceTree = "<group>"; };
		FC3EE5D81DBA40F400FC97C3 /* Info.plist */ = {isa = PBXFileReference; lastKnownFileType = text.plist.xml; path = Info.plist; sourceTree = "<group>"; };
		FC3EE5DD1DBA40F400FC97C3 /* AudioMagicTests.xctest */ = {isa = PBXFileReference; explicitFileType = wrapper.cfbundle; includeInIndex = 0; path = AudioMagicTests.xctest; sourceTree = BUILT_PRODUCTS_DIR; };
		FC3EE5E11DBA40F400FC97C3 /* AudioMagicTests.swift */ = {isa = PBXFileReference; lastKnownFileType = sourcecode.swift; path = AudioMagicTests.swift; sourceTree = "<group>"; };
		FC3EE5E31DBA40F400FC97C3 /* Info.plist */ = {isa = PBXFileReference; lastKnownFileType = text.plist.xml; path = Info.plist; sourceTree = "<group>"; };
		FC3EE5E81DBA40F400FC97C3 /* AudioMagicUITests.xctest */ = {isa = PBXFileReference; explicitFileType = wrapper.cfbundle; includeInIndex = 0; path = AudioMagicUITests.xctest; sourceTree = BUILT_PRODUCTS_DIR; };
		FC3EE5EC1DBA40F400FC97C3 /* AudioMagicUITests.swift */ = {isa = PBXFileReference; lastKnownFileType = sourcecode.swift; path = AudioMagicUITests.swift; sourceTree = "<group>"; };
		FC3EE5EE1DBA40F400FC97C3 /* Info.plist */ = {isa = PBXFileReference; lastKnownFileType = text.plist.xml; path = Info.plist; sourceTree = "<group>"; };
/* End PBXFileReference section */

/* Begin PBXFrameworksBuildPhase section */
		FC3EE5C61DBA40F400FC97C3 /* Frameworks */ = {
			isa = PBXFrameworksBuildPhase;
			buildActionMask = 2147483647;
			files = (
			);
			runOnlyForDeploymentPostprocessing = 0;
		};
		FC3EE5DA1DBA40F400FC97C3 /* Frameworks */ = {
			isa = PBXFrameworksBuildPhase;
			buildActionMask = 2147483647;
			files = (
			);
			runOnlyForDeploymentPostprocessing = 0;
		};
		FC3EE5E51DBA40F400FC97C3 /* Frameworks */ = {
			isa = PBXFrameworksBuildPhase;
			buildActionMask = 2147483647;
			files = (
			);
			runOnlyForDeploymentPostprocessing = 0;
		};
/* End PBXFrameworksBuildPhase section */

/* Begin PBXGroup section */
		FC3EE5C01DBA40F400FC97C3 = {
			isa = PBXGroup;
			children = (
				FC3EE5CB1DBA40F400FC97C3 /* AudioMagic */,
				FC3EE5E01DBA40F400FC97C3 /* AudioMagicTests */,
				FC3EE5EB1DBA40F400FC97C3 /* AudioMagicUITests */,
				FC3EE5CA1DBA40F400FC97C3 /* Products */,
			);
			sourceTree = "<group>";
		};
		FC3EE5CA1DBA40F400FC97C3 /* Products */ = {
			isa = PBXGroup;
			children = (
				FC3EE5C91DBA40F400FC97C3 /* AudioMagic.app */,
				FC3EE5DD1DBA40F400FC97C3 /* AudioMagicTests.xctest */,
				FC3EE5E81DBA40F400FC97C3 /* AudioMagicUITests.xctest */,
			);
			name = Products;
			sourceTree = "<group>";
		};
		FC3EE5CB1DBA40F400FC97C3 /* AudioMagic */ = {
			isa = PBXGroup;
			children = (
				FC3EE5CC1DBA40F400FC97C3 /* AppDelegate.swift */,
				FC3EE5CE1DBA40F400FC97C3 /* RecordViewController.swift */,
				FC3EE5D01DBA40F400FC97C3 /* Main.storyboard */,
				FC3EE5D31DBA40F400FC97C3 /* Assets.xcassets */,
				FC3EE5D51DBA40F400FC97C3 /* LaunchScreen.storyboard */,
				FC3EE5D81DBA40F400FC97C3 /* Info.plist */,
			);
			path = AudioMagic;
			sourceTree = "<group>";
		};
		FC3EE5E01DBA40F400FC97C3 /* AudioMagicTests */ = {
			isa = PBXGroup;
			children = (
				FC3EE5E11DBA40F400FC97C3 /* AudioMagicTests.swift */,
				FC3EE5E31DBA40F400FC97C3 /* Info.plist */,
			);
			path = AudioMagicTests;
			sourceTree = "<group>";
		};
		FC3EE5EB1DBA40F400FC97C3 /* AudioMagicUITests */ = {
			isa = PBXGroup;
			children = (
				FC3EE5EC1DBA40F400FC97C3 /* AudioMagicUITests.swift */,
				FC3EE5EE1DBA40F400FC97C3 /* Info.plist */,
			);
			path = AudioMagicUITests;
			sourceTree = "<group>";
		};
/* End PBXGroup section */

/* Begin PBXNativeTarget section */
		FC3EE5C81DBA40F400FC97C3 /* AudioMagic */ = {
			isa = PBXNativeTarget;
			buildConfigurationList = FC3EE5F11DBA40F400FC97C3 /* Build configuration list for PBXNativeTarget "AudioMagic" */;
			buildPhases = (
				FC3EE5C51DBA40F400FC97C3 /* Sources */,
				FC3EE5C61DBA40F400FC97C3 /* Frameworks */,
				FC3EE5C71DBA40F400FC97C3 /* Resources */,
			);
			buildRules = (
			);
			dependencies = (
			);
			name = AudioMagic;
			productName = AudioMagic;
			productReference = FC3EE5C91DBA40F400FC97C3 /* AudioMagic.app */;
			productType = "com.apple.product-type.application";
		};
		FC3EE5DC1DBA40F400FC97C3 /* AudioMagicTests */ = {
			isa = PBXNativeTarget;
			buildConfigurationList = FC3EE5F41DBA40F400FC97C3 /* Build configuration list for PBXNativeTarget "AudioMagicTests" */;
			buildPhases = (
				FC3EE5D91DBA40F400FC97C3 /* Sources */,
				FC3EE5DA1DBA40F400FC97C3 /* Frameworks */,
				FC3EE5DB1DBA40F400FC97C3 /* Resources */,
			);
			buildRules = (
			);
			dependencies = (
				FC3EE5DF1DBA40F400FC97C3 /* PBXTargetDependency */,
			);
			name = AudioMagicTests;
			productName = AudioMagicTests;
			productReference = FC3EE5DD1DBA40F400FC97C3 /* AudioMagicTests.xctest */;
			productType = "com.apple.product-type.bundle.unit-test";
		};
		FC3EE5E71DBA40F400FC97C3 /* AudioMagicUITests */ = {
			isa = PBXNativeTarget;
			buildConfigurationList = FC3EE5F71DBA40F400FC97C3 /* Build configuration list for PBXNativeTarget "AudioMagicUITests" */;
			buildPhases = (
				FC3EE5E41DBA40F400FC97C3 /* Sources */,
				FC3EE5E51DBA40F400FC97C3 /* Frameworks */,
				FC3EE5E61DBA40F400FC97C3 /* Resources */,
			);
			buildRules = (
			);
			dependencies = (
				FC3EE5EA1DBA40F400FC97C3 /* PBXTargetDependency */,
			);
			name = AudioMagicUITests;
			productName = AudioMagicUITests;
			productReference = FC3EE5E81DBA40F400FC97C3 /* AudioMagicUITests.xctest */;
			productType = "com.apple.product-type.bundle.ui-testing";
		};
/* End PBXNativeTarget section */

/* Begin PBXProject section */
		FC3EE5C11DBA40F400FC97C3 /* Project object */ = {
			isa = PBXProject;
			attributes = {
				LastSwiftUpdateCheck = 0810;
				LastUpgradeCheck = 0810;
				ORGANIZATIONNAME = Hemisphere;
				TargetAttributes = {
					FC3EE5C81DBA40F400FC97C3 = {
						CreatedOnToolsVersion = 8.1;
						ProvisioningStyle = Automatic;
					};
					FC3EE5DC1DBA40F400FC97C3 = {
						CreatedOnToolsVersion = 8.1;
						ProvisioningStyle = Automatic;
						TestTargetID = FC3EE5C81DBA40F400FC97C3;
					};
					FC3EE5E71DBA40F400FC97C3 = {
						CreatedOnToolsVersion = 8.1;
						ProvisioningStyle = Automatic;
						TestTargetID = FC3EE5C81DBA40F400FC97C3;
					};
				};
			};
			buildConfigurationList = FC3EE5C41DBA40F400FC97C3 /* Build configuration list for PBXProject "AudioMagic" */;
			compatibilityVersion = "Xcode 3.2";
			developmentRegion = English;
			hasScannedForEncodings = 0;
			knownRegions = (
				en,
				Base,
			);
			mainGroup = FC3EE5C01DBA40F400FC97C3;
			productRefGroup = FC3EE5CA1DBA40F400FC97C3 /* Products */;
			projectDirPath = "";
			projectRoot = "";
			targets = (
				FC3EE5C81DBA40F400FC97C3 /* AudioMagic */,
				FC3EE5DC1DBA40F400FC97C3 /* AudioMagicTests */,
				FC3EE5E71DBA40F400FC97C3 /* AudioMagicUITests */,
			);
		};
/* End PBXProject section */

/* Begin PBXResourcesBuildPhase section */
		FC3EE5C71DBA40F400FC97C3 /* Resources */ = {
			isa = PBXResourcesBuildPhase;
			buildActionMask = 2147483647;
			files = (
				FC3EE5D71DBA40F400FC97C3 /* LaunchScreen.storyboard in Resources */,
				FC3EE5D41DBA40F400FC97C3 /* Assets.xcassets in Resources */,
				FC3EE5D21DBA40F400FC97C3 /* Main.storyboard in Resources */,
			);
			runOnlyForDeploymentPostprocessing = 0;
		};
		FC3EE5DB1DBA40F400FC97C3 /* Resources */ = {
			isa = PBXResourcesBuildPhase;
			buildActionMask = 2147483647;
			files = (
			);
			runOnlyForDeploymentPostprocessing = 0;
		};
		FC3EE5E61DBA40F400FC97C3 /* Resources */ = {
			isa = PBXResourcesBuildPhase;
			buildActionMask = 2147483647;
			files = (
			);
			runOnlyForDeploymentPostprocessing = 0;
		};
/* End PBXResourcesBuildPhase section */

/* Begin PBXSourcesBuildPhase section */
		FC3EE5C51DBA40F400FC97C3 /* Sources */ = {
			isa = PBXSourcesBuildPhase;
			buildActionMask = 2147483647;
			files = (
				FC3EE5CF1DBA40F400FC97C3 /* RecordViewController.swift in Sources */,
				FC3EE5CD1DBA40F400FC97C3 /* AppDelegate.swift in Sources */,
			);
			runOnlyForDeploymentPostprocessing = 0;
		};
		FC3EE5D91DBA40F400FC97C3 /* Sources */ = {
			isa = PBXSourcesBuildPhase;
			buildActionMask = 2147483647;
			files = (
				FC3EE5E21DBA40F400FC97C3 /* AudioMagicTests.swift in Sources */,
			);
			runOnlyForDeploymentPostprocessing = 0;
		};
		FC3EE5E41DBA40F400FC97C3 /* Sources */ = {
			isa = PBXSourcesBuildPhase;
			buildActionMask = 2147483647;
			files = (
				FC3EE5ED1DBA40F400FC97C3 /* AudioMagicUITests.swift in Sources */,
			);
			runOnlyForDeploymentPostprocessing = 0;
		};
/* End PBXSourcesBuildPhase section */

/* Begin PBXTargetDependency section */
		FC3EE5DF1DBA40F400FC97C3 /* PBXTargetDependency */ = {
			isa = PBXTargetDependency;
			target = FC3EE5C81DBA40F400FC97C3 /* AudioMagic */;
			targetProxy = FC3EE5DE1DBA40F400FC97C3 /* PBXContainerItemProxy */;
		};
		FC3EE5EA1DBA40F400FC97C3 /* PBXTargetDependency */ = {
			isa = PBXTargetDependency;
			target = FC3EE5C81DBA40F400FC97C3 /* AudioMagic */;
			targetProxy = FC3EE5E91DBA40F400FC97C3 /* PBXContainerItemProxy */;
		};
/* End PBXTargetDependency section */

/* Begin PBXVariantGroup section */
		FC3EE5D01DBA40F400FC97C3 /* Main.storyboard */ = {
			isa = PBXVariantGroup;
			children = (
				FC3EE5D11DBA40F400FC97C3 /* Base */,
			);
			name = Main.storyboard;
			sourceTree = "<group>";
		};
		FC3EE5D51DBA40F400FC97C3 /* LaunchScreen.storyboard */ = {
			isa = PBXVariantGroup;
			children = (
				FC3EE5D61DBA40F400FC97C3 /* Base */,
			);
			name = LaunchScreen.storyboard;
			sourceTree = "<group>";
		};
/* End PBXVariantGroup section */

/* Begin XCBuildConfiguration section */
		FC3EE5EF1DBA40F400FC97C3 /* Debug */ = {
			isa = XCBuildConfiguration;
			buildSettings = {
				ALWAYS_SEARCH_USER_PATHS = NO;
				CLANG_ANALYZER_NONNULL = YES;
				CLANG_CXX_LANGUAGE_STANDARD = "gnu++0x";
				CLANG_CXX_LIBRARY = "libc++";
				CLANG_ENABLE_MODULES = YES;
				CLANG_ENABLE_OBJC_ARC = YES;
				CLANG_WARN_BOOL_CONVERSION = YES;
				CLANG_WARN_CONSTANT_CONVERSION = YES;
				CLANG_WARN_DIRECT_OBJC_ISA_USAGE = YES_ERROR;
				CLANG_WARN_DOCUMENTATION_COMMENTS = YES;
				CLANG_WARN_EMPTY_BODY = YES;
				CLANG_WARN_ENUM_CONVERSION = YES;
				CLANG_WARN_INFINITE_RECURSION = YES;
				CLANG_WARN_INT_CONVERSION = YES;
				CLANG_WARN_OBJC_ROOT_CLASS = YES_ERROR;
				CLANG_WARN_SUSPICIOUS_MOVES = YES;
				CLANG_WARN_UNREACHABLE_CODE = YES;
				CLANG_WARN__DUPLICATE_METHOD_MATCH = YES;
				"CODE_SIGN_IDENTITY[sdk=iphoneos*]" = "iPhone Developer";
				COPY_PHASE_STRIP = NO;
				DEBUG_INFORMATION_FORMAT = dwarf;
				ENABLE_STRICT_OBJC_MSGSEND = YES;
				ENABLE_TESTABILITY = YES;
				GCC_C_LANGUAGE_STANDARD = gnu99;
				GCC_DYNAMIC_NO_PIC = NO;
				GCC_NO_COMMON_BLOCKS = YES;
				GCC_OPTIMIZATION_LEVEL = 0;
				GCC_PREPROCESSOR_DEFINITIONS = (
					"DEBUG=1",
					"$(inherited)",
				);
				GCC_WARN_64_TO_32_BIT_CONVERSION = YES;
				GCC_WARN_ABOUT_RETURN_TYPE = YES_ERROR;
				GCC_WARN_UNDECLARED_SELECTOR = YES;
				GCC_WARN_UNINITIALIZED_AUTOS = YES_AGGRESSIVE;
				GCC_WARN_UNUSED_FUNCTION = YES;
				GCC_WARN_UNUSED_VARIABLE = YES;
				IPHONEOS_DEPLOYMENT_TARGET = 10.1;
				MTL_ENABLE_DEBUG_INFO = YES;
				ONLY_ACTIVE_ARCH = YES;
				SDKROOT = iphoneos;
				SWIFT_ACTIVE_COMPILATION_CONDITIONS = DEBUG;
				SWIFT_OPTIMIZATION_LEVEL = "-Onone";
				TARGETED_DEVICE_FAMILY = "1,2";
			};
			name = Debug;
		};
		FC3EE5F01DBA40F400FC97C3 /* Release */ = {
			isa = XCBuildConfiguration;
			buildSettings = {
				ALWAYS_SEARCH_USER_PATHS = NO;
				CLANG_ANALYZER_NONNULL = YES;
				CLANG_CXX_LANGUAGE_STANDARD = "gnu++0x";
				CLANG_CXX_LIBRARY = "libc++";
				CLANG_ENABLE_MODULES = YES;
				CLANG_ENABLE_OBJC_ARC = YES;
				CLANG_WARN_BOOL_CONVERSION = YES;
				CLANG_WARN_CONSTANT_CONVERSION = YES;
				CLANG_WARN_DIRECT_OBJC_ISA_USAGE = YES_ERROR;
				CLANG_WARN_DOCUMENTATION_COMMENTS = YES;
				CLANG_WARN_EMPTY_BODY = YES;
				CLANG_WARN_ENUM_CONVERSION = YES;
				CLANG_WARN_INFINITE_RECURSION = YES;
				CLANG_WARN_INT_CONVERSION = YES;
				CLANG_WARN_OBJC_ROOT_CLASS = YES_ERROR;
				CLANG_WARN_SUSPICIOUS_MOVES = YES;
				CLANG_WARN_UNREACHABLE_CODE = YES;
				CLANG_WARN__DUPLICATE_METHOD_MATCH = YES;
				"CODE_SIGN_IDENTITY[sdk=iphoneos*]" = "iPhone Developer";
				COPY_PHASE_STRIP = NO;
				DEBUG_INFORMATION_FORMAT = "dwarf-with-dsym";
				ENABLE_NS_ASSERTIONS = NO;
				ENABLE_STRICT_OBJC_MSGSEND = YES;
				GCC_C_LANGUAGE_STANDARD = gnu99;
				GCC_NO_COMMON_BLOCKS = YES;
				GCC_WARN_64_TO_32_BIT_CONVERSION = YES;
				GCC_WARN_ABOUT_RETURN_TYPE = YES_ERROR;
				GCC_WARN_UNDECLARED_SELECTOR = YES;
				GCC_WARN_UNINITIALIZED_AUTOS = YES_AGGRESSIVE;
				GCC_WARN_UNUSED_FUNCTION = YES;
				GCC_WARN_UNUSED_VARIABLE = YES;
				IPHONEOS_DEPLOYMENT_TARGET = 10.1;
				MTL_ENABLE_DEBUG_INFO = NO;
				SDKROOT = iphoneos;
				SWIFT_OPTIMIZATION_LEVEL = "-Owholemodule";
				TARGETED_DEVICE_FAMILY = "1,2";
				VALIDATE_PRODUCT = YES;
			};
			name = Release;
		};
		FC3EE5F21DBA40F400FC97C3 /* Debug */ = {
			isa = XCBuildConfiguration;
			buildSettings = {
				ASSETCATALOG_COMPILER_APPICON_NAME = AppIcon;
				INFOPLIST_FILE = AudioMagic/Info.plist;
				LD_RUNPATH_SEARCH_PATHS = "$(inherited) @executable_path/Frameworks";
				PRODUCT_BUNDLE_IDENTIFIER = Unifieapp.AudioMagic;
				PRODUCT_NAME = "$(TARGET_NAME)";
				SWIFT_VERSION = 3.0;
			};
			name = Debug;
		};
		FC3EE5F31DBA40F400FC97C3 /* Release */ = {
			isa = XCBuildConfiguration;
			buildSettings = {
				ASSETCATALOG_COMPILER_APPICON_NAME = AppIcon;
				INFOPLIST_FILE = AudioMagic/Info.plist;
				LD_RUNPATH_SEARCH_PATHS = "$(inherited) @executable_path/Frameworks";
				PRODUCT_BUNDLE_IDENTIFIER = Unifieapp.AudioMagic;
				PRODUCT_NAME = "$(TARGET_NAME)";
				SWIFT_VERSION = 3.0;
			};
			name = Release;
		};
		FC3EE5F51DBA40F400FC97C3 /* Debug */ = {
			isa = XCBuildConfiguration;
			buildSettings = {
				ALWAYS_EMBED_SWIFT_STANDARD_LIBRARIES = YES;
				BUNDLE_LOADER = "$(TEST_HOST)";
				INFOPLIST_FILE = AudioMagicTests/Info.plist;
				LD_RUNPATH_SEARCH_PATHS = "$(inherited) @executable_path/Frameworks @loader_path/Frameworks";
				PRODUCT_BUNDLE_IDENTIFIER = Unifieapp.AudioMagicTests;
				PRODUCT_NAME = "$(TARGET_NAME)";
				SWIFT_VERSION = 3.0;
				TEST_HOST = "$(BUILT_PRODUCTS_DIR)/AudioMagic.app/AudioMagic";
			};
			name = Debug;
		};
		FC3EE5F61DBA40F400FC97C3 /* Release */ = {
			isa = XCBuildConfiguration;
			buildSettings = {
				ALWAYS_EMBED_SWIFT_STANDARD_LIBRARIES = YES;
				BUNDLE_LOADER = "$(TEST_HOST)";
				INFOPLIST_FILE = AudioMagicTests/Info.plist;
				LD_RUNPATH_SEARCH_PATHS = "$(inherited) @executable_path/Frameworks @loader_path/Frameworks";
				PRODUCT_BUNDLE_IDENTIFIER = Unifieapp.AudioMagicTests;
				PRODUCT_NAME = "$(TARGET_NAME)";
				SWIFT_VERSION = 3.0;
				TEST_HOST = "$(BUILT_PRODUCTS_DIR)/AudioMagic.app/AudioMagic";
			};
			name = Release;
		};
		FC3EE5F81DBA40F400FC97C3 /* Debug */ = {
			isa = XCBuildConfiguration;
			buildSettings = {
				ALWAYS_EMBED_SWIFT_STANDARD_LIBRARIES = YES;
				INFOPLIST_FILE = AudioMagicUITests/Info.plist;
				LD_RUNPATH_SEARCH_PATHS = "$(inherited) @executable_path/Frameworks @loader_path/Frameworks";
				PRODUCT_BUNDLE_IDENTIFIER = Unifieapp.AudioMagicUITests;
				PRODUCT_NAME = "$(TARGET_NAME)";
				SWIFT_VERSION = 3.0;
				TEST_TARGET_NAME = AudioMagic;
			};
			name = Debug;
		};
		FC3EE5F91DBA40F400FC97C3 /* Release */ = {
			isa = XCBuildConfiguration;
			buildSettings = {
				ALWAYS_EMBED_SWIFT_STANDARD_LIBRARIES = YES;
				INFOPLIST_FILE = AudioMagicUITests/Info.plist;
				LD_RUNPATH_SEARCH_PATHS = "$(inherited) @executable_path/Frameworks @loader_path/Frameworks";
				PRODUCT_BUNDLE_IDENTIFIER = Unifieapp.AudioMagicUITests;
				PRODUCT_NAME = "$(TARGET_NAME)";
				SWIFT_VERSION = 3.0;
				TEST_TARGET_NAME = AudioMagic;
			};
			name = Release;
		};
/* End XCBuildConfiguration section */

/* Begin XCConfigurationList section */
		FC3EE5C41DBA40F400FC97C3 /* Build configuration list for PBXProject "AudioMagic" */ = {
			isa = XCConfigurationList;
			buildConfigurations = (
				FC3EE5EF1DBA40F400FC97C3 /* Debug */,
				FC3EE5F01DBA40F400FC97C3 /* Release */,
			);
			defaultConfigurationIsVisible = 0;
			defaultConfigurationName = Release;
		};
		FC3EE5F11DBA40F400FC97C3 /* Build configuration list for PBXNativeTarget "AudioMagic" */ = {
			isa = XCConfigurationList;
			buildConfigurations = (
				FC3EE5F21DBA40F400FC97C3 /* Debug */,
				FC3EE5F31DBA40F400FC97C3 /* Release */,
			);
			defaultConfigurationIsVisible = 0;
		};
		FC3EE5F41DBA40F400FC97C3 /* Build configuration list for PBXNativeTarget "AudioMagicTests" */ = {
			isa = XCConfigurationList;
			buildConfigurations = (
				FC3EE5F51DBA40F400FC97C3 /* Debug */,
				FC3EE5F61DBA40F400FC97C3 /* Release */,
			);
			defaultConfigurationIsVisible = 0;
		};
		FC3EE5F71DBA40F400FC97C3 /* Build configuration list for PBXNativeTarget "AudioMagicUITests" */ = {
			isa = XCConfigurationList;
			buildConfigurations = (
				FC3EE5F81DBA40F400FC97C3 /* Debug */,
				FC3EE5F91DBA40F400FC97C3 /* Release */,
			);
			defaultConfigurationIsVisible = 0;
		};
/* End XCConfigurationList section */
	};
	rootObject = FC3EE5C11DBA40F400FC97C3 /* Project object */;
}
