// !$*UTF8*$!
{
	archiveVersion = 1;
	classes = {
	};
	objectVersion = 46;
	objects = {

/* Begin PBXBuildFile section */
		FC3EE6851DBE4F6C00FC97C3 /* AppDelegate.swift in Sources */ = {isa = PBXBuildFile; fileRef = FC3EE6841DBE4F6C00FC97C3 /* AppDelegate.swift */; };
		FC3EE6871DBE4F6C00FC97C3 /* ViewController.swift in Sources */ = {isa = PBXBuildFile; fileRef = FC3EE6861DBE4F6C00FC97C3 /* ViewController.swift */; };
		FC3EE68A1DBE4F6C00FC97C3 /* Main.storyboard in Resources */ = {isa = PBXBuildFile; fileRef = FC3EE6881DBE4F6C00FC97C3 /* Main.storyboard */; };
		FC3EE68C1DBE4F6C00FC97C3 /* Assets.xcassets in Resources */ = {isa = PBXBuildFile; fileRef = FC3EE68B1DBE4F6C00FC97C3 /* Assets.xcassets */; };
		FC3EE68F1DBE4F6C00FC97C3 /* LaunchScreen.storyboard in Resources */ = {isa = PBXBuildFile; fileRef = FC3EE68D1DBE4F6C00FC97C3 /* LaunchScreen.storyboard */; };
		FC3EE69A1DBE4F6D00FC97C3 /* ChallengeTextDelegateAppTests.swift in Sources */ = {isa = PBXBuildFile; fileRef = FC3EE6991DBE4F6D00FC97C3 /* ChallengeTextDelegateAppTests.swift */; };
		FC3EE6A51DBE4F6D00FC97C3 /* ChallengeTextDelegateAppUITests.swift in Sources */ = {isa = PBXBuildFile; fileRef = FC3EE6A41DBE4F6D00FC97C3 /* ChallengeTextDelegateAppUITests.swift */; };
		FC3EE6B41DBE530F00FC97C3 /* TextLimitDelegate.swift in Sources */ = {isa = PBXBuildFile; fileRef = FC3EE6B31DBE530F00FC97C3 /* TextLimitDelegate.swift */; };
/* End PBXBuildFile section */

/* Begin PBXContainerItemProxy section */
		FC3EE6961DBE4F6D00FC97C3 /* PBXContainerItemProxy */ = {
			isa = PBXContainerItemProxy;
			containerPortal = FC3EE6791DBE4F6C00FC97C3 /* Project object */;
			proxyType = 1;
			remoteGlobalIDString = FC3EE6801DBE4F6C00FC97C3;
			remoteInfo = ChallengeTextDelegateApp;
		};
		FC3EE6A11DBE4F6D00FC97C3 /* PBXContainerItemProxy */ = {
			isa = PBXContainerItemProxy;
			containerPortal = FC3EE6791DBE4F6C00FC97C3 /* Project object */;
			proxyType = 1;
			remoteGlobalIDString = FC3EE6801DBE4F6C00FC97C3;
			remoteInfo = ChallengeTextDelegateApp;
		};
/* End PBXContainerItemProxy section */

/* Begin PBXFileReference section */
		FC3EE6811DBE4F6C00FC97C3 /* ChallengeTextDelegateApp.app */ = {isa = PBXFileReference; explicitFileType = wrapper.application; includeInIndex = 0; path = ChallengeTextDelegateApp.app; sourceTree = BUILT_PRODUCTS_DIR; };
		FC3EE6841DBE4F6C00FC97C3 /* AppDelegate.swift */ = {isa = PBXFileReference; lastKnownFileType = sourcecode.swift; path = AppDelegate.swift; sourceTree = "<group>"; };
		FC3EE6861DBE4F6C00FC97C3 /* ViewController.swift */ = {isa = PBXFileReference; lastKnownFileType = sourcecode.swift; path = ViewController.swift; sourceTree = "<group>"; };
		FC3EE6891DBE4F6C00FC97C3 /* Base */ = {isa = PBXFileReference; lastKnownFileType = file.storyboard; name = Base; path = Base.lproj/Main.storyboard; sourceTree = "<group>"; };
		FC3EE68B1DBE4F6C00FC97C3 /* Assets.xcassets */ = {isa = PBXFileReference; lastKnownFileType = folder.assetcatalog; path = Assets.xcassets; sourceTree = "<group>"; };
		FC3EE68E1DBE4F6C00FC97C3 /* Base */ = {isa = PBXFileReference; lastKnownFileType = file.storyboard; name = Base; path = Base.lproj/LaunchScreen.storyboard; sourceTree = "<group>"; };
		FC3EE6901DBE4F6C00FC97C3 /* Info.plist */ = {isa = PBXFileReference; lastKnownFileType = text.plist.xml; path = Info.plist; sourceTree = "<group>"; };
		FC3EE6951DBE4F6D00FC97C3 /* ChallengeTextDelegateAppTests.xctest */ = {isa = PBXFileReference; explicitFileType = wrapper.cfbundle; includeInIndex = 0; path = ChallengeTextDelegateAppTests.xctest; sourceTree = BUILT_PRODUCTS_DIR; };
		FC3EE6991DBE4F6D00FC97C3 /* ChallengeTextDelegateAppTests.swift */ = {isa = PBXFileReference; lastKnownFileType = sourcecode.swift; path = ChallengeTextDelegateAppTests.swift; sourceTree = "<group>"; };
		FC3EE69B1DBE4F6D00FC97C3 /* Info.plist */ = {isa = PBXFileReference; lastKnownFileType = text.plist.xml; path = Info.plist; sourceTree = "<group>"; };
		FC3EE6A01DBE4F6D00FC97C3 /* ChallengeTextDelegateAppUITests.xctest */ = {isa = PBXFileReference; explicitFileType = wrapper.cfbundle; includeInIndex = 0; path = ChallengeTextDelegateAppUITests.xctest; sourceTree = BUILT_PRODUCTS_DIR; };
		FC3EE6A41DBE4F6D00FC97C3 /* ChallengeTextDelegateAppUITests.swift */ = {isa = PBXFileReference; lastKnownFileType = sourcecode.swift; path = ChallengeTextDelegateAppUITests.swift; sourceTree = "<group>"; };
		FC3EE6A61DBE4F6D00FC97C3 /* Info.plist */ = {isa = PBXFileReference; lastKnownFileType = text.plist.xml; path = Info.plist; sourceTree = "<group>"; };
		FC3EE6B31DBE530F00FC97C3 /* TextLimitDelegate.swift */ = {isa = PBXFileReference; fileEncoding = 4; lastKnownFileType = sourcecode.swift; path = TextLimitDelegate.swift; sourceTree = "<group>"; };
/* End PBXFileReference section */

/* Begin PBXFrameworksBuildPhase section */
		FC3EE67E1DBE4F6C00FC97C3 /* Frameworks */ = {
			isa = PBXFrameworksBuildPhase;
			buildActionMask = 2147483647;
			files = (
			);
			runOnlyForDeploymentPostprocessing = 0;
		};
		FC3EE6921DBE4F6D00FC97C3 /* Frameworks */ = {
			isa = PBXFrameworksBuildPhase;
			buildActionMask = 2147483647;
			files = (
			);
			runOnlyForDeploymentPostprocessing = 0;
		};
		FC3EE69D1DBE4F6D00FC97C3 /* Frameworks */ = {
			isa = PBXFrameworksBuildPhase;
			buildActionMask = 2147483647;
			files = (
			);
			runOnlyForDeploymentPostprocessing = 0;
		};
/* End PBXFrameworksBuildPhase section */

/* Begin PBXGroup section */
		FC3EE6781DBE4F6C00FC97C3 = {
			isa = PBXGroup;
			children = (
				FC3EE6831DBE4F6C00FC97C3 /* ChallengeTextDelegateApp */,
				FC3EE6981DBE4F6D00FC97C3 /* ChallengeTextDelegateAppTests */,
				FC3EE6A31DBE4F6D00FC97C3 /* ChallengeTextDelegateAppUITests */,
				FC3EE6821DBE4F6C00FC97C3 /* Products */,
			);
			sourceTree = "<group>";
		};
		FC3EE6821DBE4F6C00FC97C3 /* Products */ = {
			isa = PBXGroup;
			children = (
				FC3EE6811DBE4F6C00FC97C3 /* ChallengeTextDelegateApp.app */,
				FC3EE6951DBE4F6D00FC97C3 /* ChallengeTextDelegateAppTests.xctest */,
				FC3EE6A01DBE4F6D00FC97C3 /* ChallengeTextDelegateAppUITests.xctest */,
			);
			name = Products;
			sourceTree = "<group>";
		};
		FC3EE6831DBE4F6C00FC97C3 /* ChallengeTextDelegateApp */ = {
			isa = PBXGroup;
			children = (
				FC3EE6B21DBE52C800FC97C3 /* delegates */,
				FC3EE6841DBE4F6C00FC97C3 /* AppDelegate.swift */,
				FC3EE6861DBE4F6C00FC97C3 /* ViewController.swift */,
				FC3EE6881DBE4F6C00FC97C3 /* Main.storyboard */,
				FC3EE68B1DBE4F6C00FC97C3 /* Assets.xcassets */,
				FC3EE68D1DBE4F6C00FC97C3 /* LaunchScreen.storyboard */,
				FC3EE6901DBE4F6C00FC97C3 /* Info.plist */,
			);
			path = ChallengeTextDelegateApp;
			sourceTree = "<group>";
		};
		FC3EE6981DBE4F6D00FC97C3 /* ChallengeTextDelegateAppTests */ = {
			isa = PBXGroup;
			children = (
				FC3EE6991DBE4F6D00FC97C3 /* ChallengeTextDelegateAppTests.swift */,
				FC3EE69B1DBE4F6D00FC97C3 /* Info.plist */,
			);
			path = ChallengeTextDelegateAppTests;
			sourceTree = "<group>";
		};
		FC3EE6A31DBE4F6D00FC97C3 /* ChallengeTextDelegateAppUITests */ = {
			isa = PBXGroup;
			children = (
				FC3EE6A41DBE4F6D00FC97C3 /* ChallengeTextDelegateAppUITests.swift */,
				FC3EE6A61DBE4F6D00FC97C3 /* Info.plist */,
			);
			path = ChallengeTextDelegateAppUITests;
			sourceTree = "<group>";
		};
		FC3EE6B21DBE52C800FC97C3 /* delegates */ = {
			isa = PBXGroup;
			children = (
				FC3EE6B31DBE530F00FC97C3 /* TextLimitDelegate.swift */,
			);
			name = delegates;
			sourceTree = "<group>";
		};
/* End PBXGroup section */

/* Begin PBXNativeTarget section */
		FC3EE6801DBE4F6C00FC97C3 /* ChallengeTextDelegateApp */ = {
			isa = PBXNativeTarget;
			buildConfigurationList = FC3EE6A91DBE4F6D00FC97C3 /* Build configuration list for PBXNativeTarget "ChallengeTextDelegateApp" */;
			buildPhases = (
				FC3EE67D1DBE4F6C00FC97C3 /* Sources */,
				FC3EE67E1DBE4F6C00FC97C3 /* Frameworks */,
				FC3EE67F1DBE4F6C00FC97C3 /* Resources */,
			);
			buildRules = (
			);
			dependencies = (
			);
			name = ChallengeTextDelegateApp;
			productName = ChallengeTextDelegateApp;
			productReference = FC3EE6811DBE4F6C00FC97C3 /* ChallengeTextDelegateApp.app */;
			productType = "com.apple.product-type.application";
		};
		FC3EE6941DBE4F6D00FC97C3 /* ChallengeTextDelegateAppTests */ = {
			isa = PBXNativeTarget;
			buildConfigurationList = FC3EE6AC1DBE4F6D00FC97C3 /* Build configuration list for PBXNativeTarget "ChallengeTextDelegateAppTests" */;
			buildPhases = (
				FC3EE6911DBE4F6D00FC97C3 /* Sources */,
				FC3EE6921DBE4F6D00FC97C3 /* Frameworks */,
				FC3EE6931DBE4F6D00FC97C3 /* Resources */,
			);
			buildRules = (
			);
			dependencies = (
				FC3EE6971DBE4F6D00FC97C3 /* PBXTargetDependency */,
			);
			name = ChallengeTextDelegateAppTests;
			productName = ChallengeTextDelegateAppTests;
			productReference = FC3EE6951DBE4F6D00FC97C3 /* ChallengeTextDelegateAppTests.xctest */;
			productType = "com.apple.product-type.bundle.unit-test";
		};
		FC3EE69F1DBE4F6D00FC97C3 /* ChallengeTextDelegateAppUITests */ = {
			isa = PBXNativeTarget;
			buildConfigurationList = FC3EE6AF1DBE4F6D00FC97C3 /* Build configuration list for PBXNativeTarget "ChallengeTextDelegateAppUITests" */;
			buildPhases = (
				FC3EE69C1DBE4F6D00FC97C3 /* Sources */,
				FC3EE69D1DBE4F6D00FC97C3 /* Frameworks */,
				FC3EE69E1DBE4F6D00FC97C3 /* Resources */,
			);
			buildRules = (
			);
			dependencies = (
				FC3EE6A21DBE4F6D00FC97C3 /* PBXTargetDependency */,
			);
			name = ChallengeTextDelegateAppUITests;
			productName = ChallengeTextDelegateAppUITests;
			productReference = FC3EE6A01DBE4F6D00FC97C3 /* ChallengeTextDelegateAppUITests.xctest */;
			productType = "com.apple.product-type.bundle.ui-testing";
		};
/* End PBXNativeTarget section */

/* Begin PBXProject section */
		FC3EE6791DBE4F6C00FC97C3 /* Project object */ = {
			isa = PBXProject;
			attributes = {
				LastSwiftUpdateCheck = 0810;
				LastUpgradeCheck = 0810;
				ORGANIZATIONNAME = Hemisphere;
				TargetAttributes = {
					FC3EE6801DBE4F6C00FC97C3 = {
						CreatedOnToolsVersion = 8.1;
						ProvisioningStyle = Automatic;
					};
					FC3EE6941DBE4F6D00FC97C3 = {
						CreatedOnToolsVersion = 8.1;
						ProvisioningStyle = Automatic;
						TestTargetID = FC3EE6801DBE4F6C00FC97C3;
					};
					FC3EE69F1DBE4F6D00FC97C3 = {
						CreatedOnToolsVersion = 8.1;
						ProvisioningStyle = Automatic;
						TestTargetID = FC3EE6801DBE4F6C00FC97C3;
					};
				};
			};
			buildConfigurationList = FC3EE67C1DBE4F6C00FC97C3 /* Build configuration list for PBXProject "ChallengeTextDelegateApp" */;
			compatibilityVersion = "Xcode 3.2";
			developmentRegion = English;
			hasScannedForEncodings = 0;
			knownRegions = (
				en,
				Base,
			);
			mainGroup = FC3EE6781DBE4F6C00FC97C3;
			productRefGroup = FC3EE6821DBE4F6C00FC97C3 /* Products */;
			projectDirPath = "";
			projectRoot = "";
			targets = (
				FC3EE6801DBE4F6C00FC97C3 /* ChallengeTextDelegateApp */,
				FC3EE6941DBE4F6D00FC97C3 /* ChallengeTextDelegateAppTests */,
				FC3EE69F1DBE4F6D00FC97C3 /* ChallengeTextDelegateAppUITests */,
			);
		};
/* End PBXProject section */

/* Begin PBXResourcesBuildPhase section */
		FC3EE67F1DBE4F6C00FC97C3 /* Resources */ = {
			isa = PBXResourcesBuildPhase;
			buildActionMask = 2147483647;
			files = (
				FC3EE68F1DBE4F6C00FC97C3 /* LaunchScreen.storyboard in Resources */,
				FC3EE68C1DBE4F6C00FC97C3 /* Assets.xcassets in Resources */,
				FC3EE68A1DBE4F6C00FC97C3 /* Main.storyboard in Resources */,
			);
			runOnlyForDeploymentPostprocessing = 0;
		};
		FC3EE6931DBE4F6D00FC97C3 /* Resources */ = {
			isa = PBXResourcesBuildPhase;
			buildActionMask = 2147483647;
			files = (
			);
			runOnlyForDeploymentPostprocessing = 0;
		};
		FC3EE69E1DBE4F6D00FC97C3 /* Resources */ = {
			isa = PBXResourcesBuildPhase;
			buildActionMask = 2147483647;
			files = (
			);
			runOnlyForDeploymentPostprocessing = 0;
		};
/* End PBXResourcesBuildPhase section */

/* Begin PBXSourcesBuildPhase section */
		FC3EE67D1DBE4F6C00FC97C3 /* Sources */ = {
			isa = PBXSourcesBuildPhase;
			buildActionMask = 2147483647;
			files = (
				FC3EE6871DBE4F6C00FC97C3 /* ViewController.swift in Sources */,
				FC3EE6851DBE4F6C00FC97C3 /* AppDelegate.swift in Sources */,
				FC3EE6B41DBE530F00FC97C3 /* TextLimitDelegate.swift in Sources */,
			);
			runOnlyForDeploymentPostprocessing = 0;
		};
		FC3EE6911DBE4F6D00FC97C3 /* Sources */ = {
			isa = PBXSourcesBuildPhase;
			buildActionMask = 2147483647;
			files = (
				FC3EE69A1DBE4F6D00FC97C3 /* ChallengeTextDelegateAppTests.swift in Sources */,
			);
			runOnlyForDeploymentPostprocessing = 0;
		};
		FC3EE69C1DBE4F6D00FC97C3 /* Sources */ = {
			isa = PBXSourcesBuildPhase;
			buildActionMask = 2147483647;
			files = (
				FC3EE6A51DBE4F6D00FC97C3 /* ChallengeTextDelegateAppUITests.swift in Sources */,
			);
			runOnlyForDeploymentPostprocessing = 0;
		};
/* End PBXSourcesBuildPhase section */

/* Begin PBXTargetDependency section */
		FC3EE6971DBE4F6D00FC97C3 /* PBXTargetDependency */ = {
			isa = PBXTargetDependency;
			target = FC3EE6801DBE4F6C00FC97C3 /* ChallengeTextDelegateApp */;
			targetProxy = FC3EE6961DBE4F6D00FC97C3 /* PBXContainerItemProxy */;
		};
		FC3EE6A21DBE4F6D00FC97C3 /* PBXTargetDependency */ = {
			isa = PBXTargetDependency;
			target = FC3EE6801DBE4F6C00FC97C3 /* ChallengeTextDelegateApp */;
			targetProxy = FC3EE6A11DBE4F6D00FC97C3 /* PBXContainerItemProxy */;
		};
/* End PBXTargetDependency section */

/* Begin PBXVariantGroup section */
		FC3EE6881DBE4F6C00FC97C3 /* Main.storyboard */ = {
			isa = PBXVariantGroup;
			children = (
				FC3EE6891DBE4F6C00FC97C3 /* Base */,
			);
			name = Main.storyboard;
			sourceTree = "<group>";
		};
		FC3EE68D1DBE4F6C00FC97C3 /* LaunchScreen.storyboard */ = {
			isa = PBXVariantGroup;
			children = (
				FC3EE68E1DBE4F6C00FC97C3 /* Base */,
			);
			name = LaunchScreen.storyboard;
			sourceTree = "<group>";
		};
/* End PBXVariantGroup section */

/* Begin XCBuildConfiguration section */
		FC3EE6A71DBE4F6D00FC97C3 /* Debug */ = {
			isa = XCBuildConfiguration;
			buildSettings = {
				ALWAYS_SEARCH_USER_PATHS = NO;
				CLANG_ANALYZER_NONNULL = YES;
				CLANG_CXX_LANGUAGE_STANDARD = "gnu++0x";
				CLANG_CXX_LIBRARY = "libc++";
				CLANG_ENABLE_MODULES = YES;
				CLANG_ENABLE_OBJC_ARC = YES;
				CLANG_WARN_BOOL_CONVERSION = YES;
				CLANG_WARN_CONSTANT_CONVERSION = YES;
				CLANG_WARN_DIRECT_OBJC_ISA_USAGE = YES_ERROR;
				CLANG_WARN_DOCUMENTATION_COMMENTS = YES;
				CLANG_WARN_EMPTY_BODY = YES;
				CLANG_WARN_ENUM_CONVERSION = YES;
				CLANG_WARN_INFINITE_RECURSION = YES;
				CLANG_WARN_INT_CONVERSION = YES;
				CLANG_WARN_OBJC_ROOT_CLASS = YES_ERROR;
				CLANG_WARN_SUSPICIOUS_MOVES = YES;
				CLANG_WARN_UNREACHABLE_CODE = YES;
				CLANG_WARN__DUPLICATE_METHOD_MATCH = YES;
				"CODE_SIGN_IDENTITY[sdk=iphoneos*]" = "iPhone Developer";
				COPY_PHASE_STRIP = NO;
				DEBUG_INFORMATION_FORMAT = dwarf;
				ENABLE_STRICT_OBJC_MSGSEND = YES;
				ENABLE_TESTABILITY = YES;
				GCC_C_LANGUAGE_STANDARD = gnu99;
				GCC_DYNAMIC_NO_PIC = NO;
				GCC_NO_COMMON_BLOCKS = YES;
				GCC_OPTIMIZATION_LEVEL = 0;
				GCC_PREPROCESSOR_DEFINITIONS = (
					"DEBUG=1",
					"$(inherited)",
				);
				GCC_WARN_64_TO_32_BIT_CONVERSION = YES;
				GCC_WARN_ABOUT_RETURN_TYPE = YES_ERROR;
				GCC_WARN_UNDECLARED_SELECTOR = YES;
				GCC_WARN_UNINITIALIZED_AUTOS = YES_AGGRESSIVE;
				GCC_WARN_UNUSED_FUNCTION = YES;
				GCC_WARN_UNUSED_VARIABLE = YES;
				IPHONEOS_DEPLOYMENT_TARGET = 10.1;
				MTL_ENABLE_DEBUG_INFO = YES;
				ONLY_ACTIVE_ARCH = YES;
				SDKROOT = iphoneos;
				SWIFT_ACTIVE_COMPILATION_CONDITIONS = DEBUG;
				SWIFT_OPTIMIZATION_LEVEL = "-Onone";
				TARGETED_DEVICE_FAMILY = "1,2";
			};
			name = Debug;
		};
		FC3EE6A81DBE4F6D00FC97C3 /* Release */ = {
			isa = XCBuildConfiguration;
			buildSettings = {
				ALWAYS_SEARCH_USER_PATHS = NO;
				CLANG_ANALYZER_NONNULL = YES;
				CLANG_CXX_LANGUAGE_STANDARD = "gnu++0x";
				CLANG_CXX_LIBRARY = "libc++";
				CLANG_ENABLE_MODULES = YES;
				CLANG_ENABLE_OBJC_ARC = YES;
				CLANG_WARN_BOOL_CONVERSION = YES;
				CLANG_WARN_CONSTANT_CONVERSION = YES;
				CLANG_WARN_DIRECT_OBJC_ISA_USAGE = YES_ERROR;
				CLANG_WARN_DOCUMENTATION_COMMENTS = YES;
				CLANG_WARN_EMPTY_BODY = YES;
				CLANG_WARN_ENUM_CONVERSION = YES;
				CLANG_WARN_INFINITE_RECURSION = YES;
				CLANG_WARN_INT_CONVERSION = YES;
				CLANG_WARN_OBJC_ROOT_CLASS = YES_ERROR;
				CLANG_WARN_SUSPICIOUS_MOVES = YES;
				CLANG_WARN_UNREACHABLE_CODE = YES;
				CLANG_WARN__DUPLICATE_METHOD_MATCH = YES;
				"CODE_SIGN_IDENTITY[sdk=iphoneos*]" = "iPhone Developer";
				COPY_PHASE_STRIP = NO;
				DEBUG_INFORMATION_FORMAT = "dwarf-with-dsym";
				ENABLE_NS_ASSERTIONS = NO;
				ENABLE_STRICT_OBJC_MSGSEND = YES;
				GCC_C_LANGUAGE_STANDARD = gnu99;
				GCC_NO_COMMON_BLOCKS = YES;
				GCC_WARN_64_TO_32_BIT_CONVERSION = YES;
				GCC_WARN_ABOUT_RETURN_TYPE = YES_ERROR;
				GCC_WARN_UNDECLARED_SELECTOR = YES;
				GCC_WARN_UNINITIALIZED_AUTOS = YES_AGGRESSIVE;
				GCC_WARN_UNUSED_FUNCTION = YES;
				GCC_WARN_UNUSED_VARIABLE = YES;
				IPHONEOS_DEPLOYMENT_TARGET = 10.1;
				MTL_ENABLE_DEBUG_INFO = NO;
				SDKROOT = iphoneos;
				SWIFT_OPTIMIZATION_LEVEL = "-Owholemodule";
				TARGETED_DEVICE_FAMILY = "1,2";
				VALIDATE_PRODUCT = YES;
			};
			name = Release;
		};
		FC3EE6AA1DBE4F6D00FC97C3 /* Debug */ = {
			isa = XCBuildConfiguration;
			buildSettings = {
				ASSETCATALOG_COMPILER_APPICON_NAME = AppIcon;
				INFOPLIST_FILE = ChallengeTextDelegateApp/Info.plist;
				LD_RUNPATH_SEARCH_PATHS = "$(inherited) @executable_path/Frameworks";
				PRODUCT_BUNDLE_IDENTIFIER = Unifieapp.ChallengeTextDelegateApp;
				PRODUCT_NAME = "$(TARGET_NAME)";
				SWIFT_VERSION = 3.0;
			};
			name = Debug;
		};
		FC3EE6AB1DBE4F6D00FC97C3 /* Release */ = {
			isa = XCBuildConfiguration;
			buildSettings = {
				ASSETCATALOG_COMPILER_APPICON_NAME = AppIcon;
				INFOPLIST_FILE = ChallengeTextDelegateApp/Info.plist;
				LD_RUNPATH_SEARCH_PATHS = "$(inherited) @executable_path/Frameworks";
				PRODUCT_BUNDLE_IDENTIFIER = Unifieapp.ChallengeTextDelegateApp;
				PRODUCT_NAME = "$(TARGET_NAME)";
				SWIFT_VERSION = 3.0;
			};
			name = Release;
		};
		FC3EE6AD1DBE4F6D00FC97C3 /* Debug */ = {
			isa = XCBuildConfiguration;
			buildSettings = {
				ALWAYS_EMBED_SWIFT_STANDARD_LIBRARIES = YES;
				BUNDLE_LOADER = "$(TEST_HOST)";
				INFOPLIST_FILE = ChallengeTextDelegateAppTests/Info.plist;
				LD_RUNPATH_SEARCH_PATHS = "$(inherited) @executable_path/Frameworks @loader_path/Frameworks";
				PRODUCT_BUNDLE_IDENTIFIER = Unifieapp.ChallengeTextDelegateAppTests;
				PRODUCT_NAME = "$(TARGET_NAME)";
				SWIFT_VERSION = 3.0;
				TEST_HOST = "$(BUILT_PRODUCTS_DIR)/ChallengeTextDelegateApp.app/ChallengeTextDelegateApp";
			};
			name = Debug;
		};
		FC3EE6AE1DBE4F6D00FC97C3 /* Release */ = {
			isa = XCBuildConfiguration;
			buildSettings = {
				ALWAYS_EMBED_SWIFT_STANDARD_LIBRARIES = YES;
				BUNDLE_LOADER = "$(TEST_HOST)";
				INFOPLIST_FILE = ChallengeTextDelegateAppTests/Info.plist;
				LD_RUNPATH_SEARCH_PATHS = "$(inherited) @executable_path/Frameworks @loader_path/Frameworks";
				PRODUCT_BUNDLE_IDENTIFIER = Unifieapp.ChallengeTextDelegateAppTests;
				PRODUCT_NAME = "$(TARGET_NAME)";
				SWIFT_VERSION = 3.0;
				TEST_HOST = "$(BUILT_PRODUCTS_DIR)/ChallengeTextDelegateApp.app/ChallengeTextDelegateApp";
			};
			name = Release;
		};
		FC3EE6B01DBE4F6D00FC97C3 /* Debug */ = {
			isa = XCBuildConfiguration;
			buildSettings = {
				ALWAYS_EMBED_SWIFT_STANDARD_LIBRARIES = YES;
				INFOPLIST_FILE = ChallengeTextDelegateAppUITests/Info.plist;
				LD_RUNPATH_SEARCH_PATHS = "$(inherited) @executable_path/Frameworks @loader_path/Frameworks";
				PRODUCT_BUNDLE_IDENTIFIER = Unifieapp.ChallengeTextDelegateAppUITests;
				PRODUCT_NAME = "$(TARGET_NAME)";
				SWIFT_VERSION = 3.0;
				TEST_TARGET_NAME = ChallengeTextDelegateApp;
			};
			name = Debug;
		};
		FC3EE6B11DBE4F6D00FC97C3 /* Release */ = {
			isa = XCBuildConfiguration;
			buildSettings = {
				ALWAYS_EMBED_SWIFT_STANDARD_LIBRARIES = YES;
				INFOPLIST_FILE = ChallengeTextDelegateAppUITests/Info.plist;
				LD_RUNPATH_SEARCH_PATHS = "$(inherited) @executable_path/Frameworks @loader_path/Frameworks";
				PRODUCT_BUNDLE_IDENTIFIER = Unifieapp.ChallengeTextDelegateAppUITests;
				PRODUCT_NAME = "$(TARGET_NAME)";
				SWIFT_VERSION = 3.0;
				TEST_TARGET_NAME = ChallengeTextDelegateApp;
			};
			name = Release;
		};
/* End XCBuildConfiguration section */

/* Begin XCConfigurationList section */
		FC3EE67C1DBE4F6C00FC97C3 /* Build configuration list for PBXProject "ChallengeTextDelegateApp" */ = {
			isa = XCConfigurationList;
			buildConfigurations = (
				FC3EE6A71DBE4F6D00FC97C3 /* Debug */,
				FC3EE6A81DBE4F6D00FC97C3 /* Release */,
			);
			defaultConfigurationIsVisible = 0;
			defaultConfigurationName = Release;
		};
		FC3EE6A91DBE4F6D00FC97C3 /* Build configuration list for PBXNativeTarget "ChallengeTextDelegateApp" */ = {
			isa = XCConfigurationList;
			buildConfigurations = (
				FC3EE6AA1DBE4F6D00FC97C3 /* Debug */,
				FC3EE6AB1DBE4F6D00FC97C3 /* Release */,
			);
			defaultConfigurationIsVisible = 0;
		};
		FC3EE6AC1DBE4F6D00FC97C3 /* Build configuration list for PBXNativeTarget "ChallengeTextDelegateAppTests" */ = {
			isa = XCConfigurationList;
			buildConfigurations = (
				FC3EE6AD1DBE4F6D00FC97C3 /* Debug */,
				FC3EE6AE1DBE4F6D00FC97C3 /* Release */,
			);
			defaultConfigurationIsVisible = 0;
		};
		FC3EE6AF1DBE4F6D00FC97C3 /* Build configuration list for PBXNativeTarget "ChallengeTextDelegateAppUITests" */ = {
			isa = XCConfigurationList;
			buildConfigurations = (
				FC3EE6B01DBE4F6D00FC97C3 /* Debug */,
				FC3EE6B11DBE4F6D00FC97C3 /* Release */,
			);
			defaultConfigurationIsVisible = 0;
		};
/* End XCConfigurationList section */
	};
	rootObject = FC3EE6791DBE4F6C00FC97C3 /* Project object */;
}
